# Frameleaf-owned renderer lock: CPython 3.11.15, Linux x86_64, no extras.
# Version metadata and wheel SHA256 values: https://pypi.org/pypi/NAME/VERSION/json
# PyYAML 6.0.2 and Docker 7.1.0 match the pinned TrueNAS devbox lock.
# No source distributions; install with --require-hashes --only-binary=:all:.
Jinja2==3.1.6 --hash=sha256:85ece4451f492d0c13c5dd7c13a64681a86afae63a5f347908daf103ce6d2f67
MarkupSafe==3.0.3 --hash=sha256:0bf2a864d67e76e5c9a34dc26ec616a66b9888e25e7b9460e1c76d3293bd9dbf
PyYAML==6.0.2 --hash=sha256:3ad2a3decf9aaba3d29c8f537ac4b243e36bef957511b4766cb0057d32b0be85
bcrypt==5.0.0 --hash=sha256:560ddb6ec730386e7b3b26b8b4c88197aaed924430e7b74666a586ac997249ef --hash=sha256:0c8e093ea2532601a6f686edbc2c6b2ec24131ff5c52f7610dd64fa4553b5464 --hash=sha256:89042e61b5e808b67daf24a434d89bab164d4de1746b37a8d173b6b14f3db9ff --hash=sha256:7aeef54b60ceddb6f30ee3db090351ecf0d40ec6e2abf41430997407a46d2254 --hash=sha256:f8429e1c410b4073944f03bd778a9e066e7fad723564a52ff91841d278dfc822 --hash=sha256:611f0a17aa4a25a69362dcc299fda5c8a3d4f160e2abb3831041feb77393a14a
docker==7.1.0 --hash=sha256:c96b93b7f0a746f9e77d325bcfb87422a3d8bd4f03136ae8a85b37f1898d5fc0
requests==2.32.5 --hash=sha256:2462f94637a34fd532264295e186976db0f5d453d1cdd31473c85a6a161affb6
urllib3==2.6.3 --hash=sha256:bf272323e553dfb2e87d9bfd225ca7b0f467b919d7bbd355436d3fd37cb0acd4
charset-normalizer==3.4.4 --hash=sha256:840c25fb618a231545cbab0564a799f101b63b9901f2569faecd6b222ac72381 --hash=sha256:7a32c560861a02ff789ad905a2fe94e3f840803362c84fecf1851cb4cf3dc37f
idna==3.11 --hash=sha256:771a87f49d9defaf64091e6e6fe9c18d4833f140bd19464795bc32d966ca37ea
certifi==2026.2.25 --hash=sha256:027692e4402ad994f1c42e52a4997a9763c646b73e4096e4d5d6db8af1d6f0fa
